
Microsoft Visual Studio Solution File, Format Version 12.00
# Visual Studio Version 16
VisualStudioVersion = 16.0.31424.327
MinimumVisualStudioVersion = 10.0.40219.1
Project("{FAE04EC0-301F-11D3-BF4B-00C04F79EFBC}") = "Les3", "Les3\Les3.csproj", "{8EF453E3-16CD-4B90-A2FD-D3682A177F84}"
EndProject
Global
	GlobalSection(SolutionConfigurationPlatforms) = preSolution
		Debug|Any CPU = Debug|Any CPU
		Release|Any CPU = Release|Any CPU
	EndGlobalSection
	GlobalSection(ProjectConfigurationPlatforms) = postSolution
		{8EF453E3-16CD-4B90-A2FD-D3682A177F84}.Debug|Any CPU.ActiveCfg = Debug|Any CPU
		{8EF453E3-16CD-4B90-A2FD-D3682A177F84}.Debug|Any CPU.Build.0 = Debug|Any CPU
		{8EF453E3-16CD-4B90-A2FD-D3682A177F84}.Release|Any CPU.ActiveCfg = Release|Any CPU
		{8EF453E3-16CD-4B90-A2FD-D3682A177F84}.Release|Any CPU.Build.0 = Release|Any CPU
	EndGlobalSection
	GlobalSection(SolutionProperties) = preSolution
		HideSolutionNode = FALSE
	EndGlobalSection
	GlobalSection(ExtensibilityGlobals) = postSolution
		SolutionGuid = {801E6FEB-89DE-42AD-89F3-B283E1CF81C5}
	EndGlobalSection
EndGlobal
